
Microsoft Visual Studio Solution File, Format Version 12.00
# Visual Studio 15
VisualStudioVersion = 15.0.27130.2010
MinimumVisualStudioVersion = 10.0.40219.1
Project("{FAE04EC0-301F-11D3-BF4B-00C04F79EFBC}") = "DebitCardNumber", "DebitCardNumber\DebitCardNumber.csproj", "{832ADA88-AD83-4100-B1D2-9472D1B559C9}"
EndProject
Global
	GlobalSection(SolutionConfigurationPlatforms) = preSolution
		Debug|Any CPU = Debug|Any CPU
		Release|Any CPU = Release|Any CPU
	EndGlobalSection
	GlobalSection(ProjectConfigurationPlatforms) = postSolution
		{832ADA88-AD83-4100-B1D2-9472D1B559C9}.Debug|Any CPU.ActiveCfg = Debug|Any CPU
		{832ADA88-AD83-4100-B1D2-9472D1B559C9}.Debug|Any CPU.Build.0 = Debug|Any CPU
		{832ADA88-AD83-4100-B1D2-9472D1B559C9}.Release|Any CPU.ActiveCfg = Release|Any CPU
		{832ADA88-AD83-4100-B1D2-9472D1B559C9}.Release|Any CPU.Build.0 = Release|Any CPU
	EndGlobalSection
	GlobalSection(SolutionProperties) = preSolution
		HideSolutionNode = FALSE
	EndGlobalSection
	GlobalSection(ExtensibilityGlobals) = postSolution
		SolutionGuid = {0EBAC116-42B0-4429-A5DA-9E2A67BAE885}
	EndGlobalSection
EndGlobal
